
Microsoft Visual Studio Solution File, Format Version 12.00
# Visual Studio 2012
Project("{FAE04EC0-301F-11D3-BF4B-00C04F79EFBC}") = "VrGear.Intercepter.UI", "VrGear.Intercepter.UI\VrGear.Intercepter.UI.csproj", "{FC8CC0A6-13C8-4C44-93B8-AF372D04DF2C}"
EndProject
Project("{FAE04EC0-301F-11D3-BF4B-00C04F79EFBC}") = "VrGear.Intercepter.Proxy", "VrGear.Intercepter.Proxy\VrGear.Intercepter.Proxy.csproj", "{F048F8BD-31F5-4660-9E1A-35D48ECF4F14}"
EndProject
Global
	GlobalSection(SolutionConfigurationPlatforms) = preSolution
		Debug|Any CPU = Debug|Any CPU
		Release|Any CPU = Release|Any CPU
	EndGlobalSection
	GlobalSection(ProjectConfigurationPlatforms) = postSolution
		{FC8CC0A6-13C8-4C44-93B8-AF372D04DF2C}.Debug|Any CPU.ActiveCfg = Debug|Any CPU
		{FC8CC0A6-13C8-4C44-93B8-AF372D04DF2C}.Debug|Any CPU.Build.0 = Debug|Any CPU
		{FC8CC0A6-13C8-4C44-93B8-AF372D04DF2C}.Release|Any CPU.ActiveCfg = Release|Any CPU
		{FC8CC0A6-13C8-4C44-93B8-AF372D04DF2C}.Release|Any CPU.Build.0 = Release|Any CPU
		{F048F8BD-31F5-4660-9E1A-35D48ECF4F14}.Debug|Any CPU.ActiveCfg = Debug|Any CPU
		{F048F8BD-31F5-4660-9E1A-35D48ECF4F14}.Debug|Any CPU.Build.0 = Debug|Any CPU
		{F048F8BD-31F5-4660-9E1A-35D48ECF4F14}.Release|Any CPU.ActiveCfg = Release|Any CPU
		{F048F8BD-31F5-4660-9E1A-35D48ECF4F14}.Release|Any CPU.Build.0 = Release|Any CPU
	EndGlobalSection
	GlobalSection(SolutionProperties) = preSolution
		HideSolutionNode = FALSE
	EndGlobalSection
EndGlobal
